// !$*UTF8*$!
{
	archiveVersion = 1;
	classes = {
	};
	objectVersion = 50;
	objects = {

/* Begin PBXBuildFile section */
		86FFFA7C260C3A6B0059D67E /* AppDelegate.swift in Sources */ = {isa = PBXBuildFile; fileRef = 86FFFA7B260C3A6B0059D67E /* AppDelegate.swift */; };
		86FFFA7E260C3A6B0059D67E /* SceneDelegate.swift in Sources */ = {isa = PBXBuildFile; fileRef = 86FFFA7D260C3A6B0059D67E /* SceneDelegate.swift */; };
		86FFFA80260C3A6B0059D67E /* ViewController.swift in Sources */ = {isa = PBXBuildFile; fileRef = 86FFFA7F260C3A6B0059D67E /* ViewController.swift */; };
		86FFFA83260C3A6B0059D67E /* Main.storyboard in Resources */ = {isa = PBXBuildFile; fileRef = 86FFFA81260C3A6B0059D67E /* Main.storyboard */; };
		86FFFA85260C3A6C0059D67E /* Assets.xcassets in Resources */ = {isa = PBXBuildFile; fileRef = 86FFFA84260C3A6C0059D67E /* Assets.xcassets */; };
		86FFFA88260C3A6C0059D67E /* LaunchScreen.storyboard in Resources */ = {isa = PBXBuildFile; fileRef = 86FFFA86260C3A6C0059D67E /* LaunchScreen.storyboard */; };
/* End PBXBuildFile section */

/* Begin PBXFileReference section */
		86FFFA78260C3A6B0059D67E /* kalkulator kak mora.app */ = {isa = PBXFileReference; explicitFileType = wrapper.application; includeInIndex = 0; path = "kalkulator kak mora.app"; sourceTree = BUILT_PRODUCTS_DIR; };
		86FFFA7B260C3A6B0059D67E /* AppDelegate.swift */ = {isa = PBXFileReference; lastKnownFileType = sourcecode.swift; path = AppDelegate.swift; sourceTree = "<group>"; };
		86FFFA7D260C3A6B0059D67E /* SceneDelegate.swift */ = {isa = PBXFileReference; lastKnownFileType = sourcecode.swift; path = SceneDelegate.swift; sourceTree = "<group>"; };
		86FFFA7F260C3A6B0059D67E /* ViewController.swift */ = {isa = PBXFileReference; lastKnownFileType = sourcecode.swift; path = ViewController.swift; sourceTree = "<group>"; };
		86FFFA82260C3A6B0059D67E /* Base */ = {isa = PBXFileReference; lastKnownFileType = file.storyboard; name = Base; path = Base.lproj/Main.storyboard; sourceTree = "<group>"; };
		86FFFA84260C3A6C0059D67E /* Assets.xcassets */ = {isa = PBXFileReference; lastKnownFileType = folder.assetcatalog; path = Assets.xcassets; sourceTree = "<group>"; };
		86FFFA87260C3A6C0059D67E /* Base */ = {isa = PBXFileReference; lastKnownFileType = file.storyboard; name = Base; path = Base.lproj/LaunchScreen.storyboard; sourceTree = "<group>"; };
		86FFFA89260C3A6C0059D67E /* Info.plist */ = {isa = PBXFileReference; lastKnownFileType = text.plist.xml; path = Info.plist; sourceTree = "<group>"; };
/* End PBXFileReference section */

/* Begin PBXFrameworksBuildPhase section */
		86FFFA75260C3A6B0059D67E /* Frameworks */ = {
			isa = PBXFrameworksBuildPhase;
			buildActionMask = 2147483647;
			files = (
			);
			runOnlyForDeploymentPostprocessing = 0;
		};
/* End PBXFrameworksBuildPhase section */

/* Begin PBXGroup section */
		86FFFA6F260C3A6B0059D67E = {
			isa = PBXGroup;
			children = (
				86FFFA7A260C3A6B0059D67E /* kalkulator kak mora */,
				86FFFA79260C3A6B0059D67E /* Products */,
			);
			sourceTree = "<group>";
		};
		86FFFA79260C3A6B0059D67E /* Products */ = {
			isa = PBXGroup;
			children = (
				86FFFA78260C3A6B0059D67E /* kalkulator kak mora.app */,
			);
			name = Products;
			sourceTree = "<group>";
		};
		86FFFA7A260C3A6B0059D67E /* kalkulator kak mora */ = {
			isa = PBXGroup;
			children = (
				86FFFA7B260C3A6B0059D67E /* AppDelegate.swift */,
				86FFFA7D260C3A6B0059D67E /* SceneDelegate.swift */,
				86FFFA7F260C3A6B0059D67E /* ViewController.swift */,
				86FFFA81260C3A6B0059D67E /* Main.storyboard */,
				86FFFA84260C3A6C0059D67E /* Assets.xcassets */,
				86FFFA86260C3A6C0059D67E /* LaunchScreen.storyboard */,
				86FFFA89260C3A6C0059D67E /* Info.plist */,
			);
			path = "kalkulator kak mora";
			sourceTree = "<group>";
		};
/* End PBXGroup section */

/* Begin PBXNativeTarget section */
		86FFFA77260C3A6B0059D67E /* kalkulator kak mora */ = {
			isa = PBXNativeTarget;
			buildConfigurationList = 86FFFA8C260C3A6C0059D67E /* Build configuration list for PBXNativeTarget "kalkulator kak mora" */;
			buildPhases = (
				86FFFA74260C3A6B0059D67E /* Sources */,
				86FFFA75260C3A6B0059D67E /* Frameworks */,
				86FFFA76260C3A6B0059D67E /* Resources */,
			);
			buildRules = (
			);
			dependencies = (
			);
			name = "kalkulator kak mora";
			productName = "kalkulator kak mora";
			productReference = 86FFFA78260C3A6B0059D67E /* kalkulator kak mora.app */;
			productType = "com.apple.product-type.application";
		};
/* End PBXNativeTarget section */

/* Begin PBXProject section */
		86FFFA70260C3A6B0059D67E /* Project object */ = {
			isa = PBXProject;
			attributes = {
				LastSwiftUpdateCheck = 1200;
				LastUpgradeCheck = 1200;
				TargetAttributes = {
					86FFFA77260C3A6B0059D67E = {
						CreatedOnToolsVersion = 12.0.1;
					};
				};
			};
			buildConfigurationList = 86FFFA73260C3A6B0059D67E /* Build configuration list for PBXProject "kalkulator kak mora" */;
			compatibilityVersion = "Xcode 9.3";
			developmentRegion = en;
			hasScannedForEncodings = 0;
			knownRegions = (
				en,
				Base,
			);
			mainGroup = 86FFFA6F260C3A6B0059D67E;
			productRefGroup = 86FFFA79260C3A6B0059D67E /* Products */;
			projectDirPath = "";
			projectRoot = "";
			targets = (
				86FFFA77260C3A6B0059D67E /* kalkulator kak mora */,
			);
		};
/* End PBXProject section */

/* Begin PBXResourcesBuildPhase section */
		86FFFA76260C3A6B0059D67E /* Resources */ = {
			isa = PBXResourcesBuildPhase;
			buildActionMask = 2147483647;
			files = (
				86FFFA88260C3A6C0059D67E /* LaunchScreen.storyboard in Resources */,
				86FFFA85260C3A6C0059D67E /* Assets.xcassets in Resources */,
				86FFFA83260C3A6B0059D67E /* Main.storyboard in Resources */,
			);
			runOnlyForDeploymentPostprocessing = 0;
		};
/* End PBXResourcesBuildPhase section */

/* Begin PBXSourcesBuildPhase section */
		86FFFA74260C3A6B0059D67E /* Sources */ = {
			isa = PBXSourcesBuildPhase;
			buildActionMask = 2147483647;
			files = (
				86FFFA80260C3A6B0059D67E /* ViewController.swift in Sources */,
				86FFFA7C260C3A6B0059D67E /* AppDelegate.swift in Sources */,
				86FFFA7E260C3A6B0059D67E /* SceneDelegate.swift in Sources */,
			);
			runOnlyForDeploymentPostprocessing = 0;
		};
/* End PBXSourcesBuildPhase section */

/* Begin PBXVariantGroup section */
		86FFFA81260C3A6B0059D67E /* Main.storyboard */ = {
			isa = PBXVariantGroup;
			children = (
				86FFFA82260C3A6B0059D67E /* Base */,
			);
			name = Main.storyboard;
			sourceTree = "<group>";
		};
		86FFFA86260C3A6C0059D67E /* LaunchScreen.storyboard */ = {
			isa = PBXVariantGroup;
			children = (
				86FFFA87260C3A6C0059D67E /* Base */,
			);
			name = LaunchScreen.storyboard;
			sourceTree = "<group>";
		};
/* End PBXVariantGroup section */

/* Begin XCBuildConfiguration section */
		86FFFA8A260C3A6C0059D67E /* Debug */ = {
			isa = XCBuildConfiguration;
			buildSettings = {
				ALWAYS_SEARCH_USER_PATHS = NO;
				CLANG_ANALYZER_NONNULL = YES;
				CLANG_ANALYZER_NUMBER_OBJECT_CONVERSION = YES_AGGRESSIVE;
				CLANG_CXX_LANGUAGE_STANDARD = "gnu++14";
				CLANG_CXX_LIBRARY = "libc++";
				CLANG_ENABLE_MODULES = YES;
				CLANG_ENABLE_OBJC_ARC = YES;
				CLANG_ENABLE_OBJC_WEAK = YES;
				CLANG_WARN_BLOCK_CAPTURE_AUTORELEASING = YES;
				CLANG_WARN_BOOL_CONVERSION = YES;
				CLANG_WARN_COMMA = YES;
				CLANG_WARN_CONSTANT_CONVERSION = YES;
				CLANG_WARN_DEPRECATED_OBJC_IMPLEMENTATIONS = YES;
				CLANG_WARN_DIRECT_OBJC_ISA_USAGE = YES_ERROR;
				CLANG_WARN_DOCUMENTATION_COMMENTS = YES;
				CLANG_WARN_EMPTY_BODY = YES;
				CLANG_WARN_ENUM_CONVERSION = YES;
				CLANG_WARN_INFINITE_RECURSION = YES;
				CLANG_WARN_INT_CONVERSION = YES;
				CLANG_WARN_NON_LITERAL_NULL_CONVERSION = YES;
				CLANG_WARN_OBJC_IMPLICIT_RETAIN_SELF = YES;
				CLANG_WARN_OBJC_LITERAL_CONVERSION = YES;
				CLANG_WARN_OBJC_ROOT_CLASS = YES_ERROR;
				CLANG_WARN_QUOTED_INCLUDE_IN_FRAMEWORK_HEADER = YES;
				CLANG_WARN_RANGE_LOOP_ANALYSIS = YES;
				CLANG_WARN_STRICT_PROTOTYPES = YES;
				CLANG_WARN_SUSPICIOUS_MOVE = YES;
				CLANG_WARN_UNGUARDED_AVAILABILITY = YES_AGGRESSIVE;
				CLANG_WARN_UNREACHABLE_CODE = YES;
				CLANG_WARN__DUPLICATE_METHOD_MATCH = YES;
				COPY_PHASE_STRIP = NO;
				DEBUG_INFORMATION_FORMAT = dwarf;
				ENABLE_STRICT_OBJC_MSGSEND = YES;
				ENABLE_TESTABILITY = YES;
				GCC_C_LANGUAGE_STANDARD = gnu11;
				GCC_DYNAMIC_NO_PIC = NO;
				GCC_NO_COMMON_BLOCKS = YES;
				GCC_OPTIMIZATION_LEVEL = 0;
				GCC_PREPROCESSOR_DEFINITIONS = (
					"DEBUG=1",
					"$(inherited)",
				);
				GCC_WARN_64_TO_32_BIT_CONVERSION = YES;
				GCC_WARN_ABOUT_RETURN_TYPE = YES_ERROR;
				GCC_WARN_UNDECLARED_SELECTOR = YES;
				GCC_WARN_UNINITIALIZED_AUTOS = YES_AGGRESSIVE;
				GCC_WARN_UNUSED_FUNCTION = YES;
				GCC_WARN_UNUSED_VARIABLE = YES;
				IPHONEOS_DEPLOYMENT_TARGET = 14.0;
				MTL_ENABLE_DEBUG_INFO = INCLUDE_SOURCE;
				MTL_FAST_MATH = YES;
				ONLY_ACTIVE_ARCH = YES;
				SDKROOT = iphoneos;
				SWIFT_ACTIVE_COMPILATION_CONDITIONS = DEBUG;
				SWIFT_OPTIMIZATION_LEVEL = "-Onone";
			};
			name = Debug;
		};
		86FFFA8B260C3A6C0059D67E /* Release */ = {
			isa = XCBuildConfiguration;
			buildSettings = {
				ALWAYS_SEARCH_USER_PATHS = NO;
				CLANG_ANALYZER_NONNULL = YES;
				CLANG_ANALYZER_NUMBER_OBJECT_CONVERSION = YES_AGGRESSIVE;
				CLANG_CXX_LANGUAGE_STANDARD = "gnu++14";
				CLANG_CXX_LIBRARY = "libc++";
				CLANG_ENABLE_MODULES = YES;
				CLANG_ENABLE_OBJC_ARC = YES;
				CLANG_ENABLE_OBJC_WEAK = YES;
				CLANG_WARN_BLOCK_CAPTURE_AUTORELEASING = YES;
				CLANG_WARN_BOOL_CONVERSION = YES;
				CLANG_WARN_COMMA = YES;
				CLANG_WARN_CONSTANT_CONVERSION = YES;
				CLANG_WARN_DEPRECATED_OBJC_IMPLEMENTATIONS = YES;
				CLANG_WARN_DIRECT_OBJC_ISA_USAGE = YES_ERROR;
				CLANG_WARN_DOCUMENTATION_COMMENTS = YES;
				CLANG_WARN_EMPTY_BODY = YES;
				CLANG_WARN_ENUM_CONVERSION = YES;
				CLANG_WARN_INFINITE_RECURSION = YES;
				CLANG_WARN_INT_CONVERSION = YES;
				CLANG_WARN_NON_LITERAL_NULL_CONVERSION = YES;
				CLANG_WARN_OBJC_IMPLICIT_RETAIN_SELF = YES;
				CLANG_WARN_OBJC_LITERAL_CONVERSION = YES;
				CLANG_WARN_OBJC_ROOT_CLASS = YES_ERROR;
				CLANG_WARN_QUOTED_INCLUDE_IN_FRAMEWORK_HEADER = YES;
				CLANG_WARN_RANGE_LOOP_ANALYSIS = YES;
				CLANG_WARN_STRICT_PROTOTYPES = YES;
				CLANG_WARN_SUSPICIOUS_MOVE = YES;
				CLANG_WARN_UNGUARDED_AVAILABILITY = YES_AGGRESSIVE;
				CLANG_WARN_UNREACHABLE_CODE = YES;
				CLANG_WARN__DUPLICATE_METHOD_MATCH = YES;
				COPY_PHASE_STRIP = NO;
				DEBUG_INFORMATION_FORMAT = "dwarf-with-dsym";
				ENABLE_NS_ASSERTIONS = NO;
				ENABLE_STRICT_OBJC_MSGSEND = YES;
				GCC_C_LANGUAGE_STANDARD = gnu11;
				GCC_NO_COMMON_BLOCKS = YES;
				GCC_WARN_64_TO_32_BIT_CONVERSION = YES;
				GCC_WARN_ABOUT_RETURN_TYPE = YES_ERROR;
				GCC_WARN_UNDECLARED_SELECTOR = YES;
				GCC_WARN_UNINITIALIZED_AUTOS = YES_AGGRESSIVE;
				GCC_WARN_UNUSED_FUNCTION = YES;
				GCC_WARN_UNUSED_VARIABLE = YES;
				IPHONEOS_DEPLOYMENT_TARGET = 14.0;
				MTL_ENABLE_DEBUG_INFO = NO;
				MTL_FAST_MATH = YES;
				SDKROOT = iphoneos;
				SWIFT_COMPILATION_MODE = wholemodule;
				SWIFT_OPTIMIZATION_LEVEL = "-O";
				VALIDATE_PRODUCT = YES;
			};
			name = Release;
		};
		86FFFA8D260C3A6C0059D67E /* Debug */ = {
			isa = XCBuildConfiguration;
			buildSettings = {
				ASSETCATALOG_COMPILER_APPICON_NAME = AppIcon;
				ASSETCATALOG_COMPILER_GLOBAL_ACCENT_COLOR_NAME = AccentColor;
				CODE_SIGN_STYLE = Automatic;
				INFOPLIST_FILE = "kalkulator kak mora/Info.plist";
				LD_RUNPATH_SEARCH_PATHS = (
					"$(inherited)",
					"@executable_path/Frameworks",
				);
				PRODUCT_BUNDLE_IDENTIFIER = "RPL-A.kalkulator-kak-mora";
				PRODUCT_NAME = "$(TARGET_NAME)";
				SWIFT_VERSION = 5.0;
				TARGETED_DEVICE_FAMILY = "1,2";
			};
			name = Debug;
		};
		86FFFA8E260C3A6C0059D67E /* Release */ = {
			isa = XCBuildConfiguration;
			buildSettings = {
				ASSETCATALOG_COMPILER_APPICON_NAME = AppIcon;
				ASSETCATALOG_COMPILER_GLOBAL_ACCENT_COLOR_NAME = AccentColor;
				CODE_SIGN_STYLE = Automatic;
				INFOPLIST_FILE = "kalkulator kak mora/Info.plist";
				LD_RUNPATH_SEARCH_PATHS = (
					"$(inherited)",
					"@executable_path/Frameworks",
				);
				PRODUCT_BUNDLE_IDENTIFIER = "RPL-A.kalkulator-kak-mora";
				PRODUCT_NAME = "$(TARGET_NAME)";
				SWIFT_VERSION = 5.0;
				TARGETED_DEVICE_FAMILY = "1,2";
			};
			name = Release;
		};
/* End XCBuildConfiguration section */

/* Begin XCConfigurationList section */
		86FFFA73260C3A6B0059D67E /* Build configuration list for PBXProject "kalkulator kak mora" */ = {
			isa = XCConfigurationList;
			buildConfigurations = (
				86FFFA8A260C3A6C0059D67E /* Debug */,
				86FFFA8B260C3A6C0059D67E /* Release */,
			);
			defaultConfigurationIsVisible = 0;
			defaultConfigurationName = Release;
		};
		86FFFA8C260C3A6C0059D67E /* Build configuration list for PBXNativeTarget "kalkulator kak mora" */ = {
			isa = XCConfigurationList;
			buildConfigurations = (
				86FFFA8D260C3A6C0059D67E /* Debug */,
				86FFFA8E260C3A6C0059D67E /* Release */,
			);
			defaultConfigurationIsVisible = 0;
			defaultConfigurationName = Release;
		};
/* End XCConfigurationList section */
	};
	rootObject = 86FFFA70260C3A6B0059D67E /* Project object */;
}
